
Microsoft Visual Studio Solution File, Format Version 12.00
# Visual Studio Version 17
VisualStudioVersion = 17.11.35303.130
MinimumVisualStudioVersion = 10.0.40219.1
Project("{2150E333-8FDC-42A3-9474-1A3956D46DE8}") = "Domain", "Domain", "{511B84B7-2C30-4031-803E-B1025F26880C}"
EndProject
Project("{2150E333-8FDC-42A3-9474-1A3956D46DE8}") = "Infrastructure", "Infrastructure", "{04F4BF78-FA3E-4943-842D-5B079711FDDD}"
EndProject
Project("{2150E333-8FDC-42A3-9474-1A3956D46DE8}") = "Application", "Application", "{21A6EA64-62BE-447E-918A-2F58BA39651F}"
EndProject
Project("{2150E333-8FDC-42A3-9474-1A3956D46DE8}") = "Tests", "Tests", "{AD1B47DB-23BF-426C-97FD-CE3D01BD698C}"
EndProject
Project("{2150E333-8FDC-42A3-9474-1A3956D46DE8}") = "Presentation", "Presentation", "{252ADD0F-301F-46BB-947B-C43B8D708AA2}"
EndProject
Project("{FAE04EC0-301F-11D3-BF4B-00C04F79EFBC}") = "L072NS_HSZF_2024251.Model", "L072NS_HSZF_2024251.Model\L072NS_HSZF_2024251.Model.csproj", "{B3319AF1-0E62-4E17-98A5-869732AE516D}"
EndProject
Project("{FAE04EC0-301F-11D3-BF4B-00C04F79EFBC}") = "L072NS_HSZF_2024251.Persistence.MsSql", "L072NS_HSZF_2024251.Persistence.MsSql\L072NS_HSZF_2024251.Persistence.MsSql.csproj", "{64890AF6-FAC6-418D-A9CB-D76428216128}"
EndProject
Project("{FAE04EC0-301F-11D3-BF4B-00C04F79EFBC}") = "L072NS_HSZF_2024251.Application", "L072NS_HSZF_2024251.Application\L072NS_HSZF_2024251.Application.csproj", "{45B57CE5-9787-49F8-A36B-81A9487A9E45}"
EndProject
Project("{FAE04EC0-301F-11D3-BF4B-00C04F79EFBC}") = "L072NS_HSZF_2024251.Console", "L072NS_HSZF_2024251.Console\L072NS_HSZF_2024251.Console.csproj", "{29F5F8E3-426A-4ACB-929B-3C67C9254BF7}"
EndProject
Project("{FAE04EC0-301F-11D3-BF4B-00C04F79EFBC}") = "L072NS_HSZF_2024251.Test", "L072NS_HSZF_2024251.Test\L072NS_HSZF_2024251.Test.csproj", "{11F760F2-5EF6-4EAE-AD4E-33FD23D213D2}"
EndProject
Global
	GlobalSection(SolutionConfigurationPlatforms) = preSolution
		Debug|Any CPU = Debug|Any CPU
		Release|Any CPU = Release|Any CPU
	EndGlobalSection
	GlobalSection(ProjectConfigurationPlatforms) = postSolution
		{B3319AF1-0E62-4E17-98A5-869732AE516D}.Debug|Any CPU.ActiveCfg = Debug|Any CPU
		{B3319AF1-0E62-4E17-98A5-869732AE516D}.Debug|Any CPU.Build.0 = Debug|Any CPU
		{B3319AF1-0E62-4E17-98A5-869732AE516D}.Release|Any CPU.ActiveCfg = Release|Any CPU
		{B3319AF1-0E62-4E17-98A5-869732AE516D}.Release|Any CPU.Build.0 = Release|Any CPU
		{64890AF6-FAC6-418D-A9CB-D76428216128}.Debug|Any CPU.ActiveCfg = Debug|Any CPU
		{64890AF6-FAC6-418D-A9CB-D76428216128}.Debug|Any CPU.Build.0 = Debug|Any CPU
		{64890AF6-FAC6-418D-A9CB-D76428216128}.Release|Any CPU.ActiveCfg = Release|Any CPU
		{64890AF6-FAC6-418D-A9CB-D76428216128}.Release|Any CPU.Build.0 = Release|Any CPU
		{45B57CE5-9787-49F8-A36B-81A9487A9E45}.Debug|Any CPU.ActiveCfg = Debug|Any CPU
		{45B57CE5-9787-49F8-A36B-81A9487A9E45}.Debug|Any CPU.Build.0 = Debug|Any CPU
		{45B57CE5-9787-49F8-A36B-81A9487A9E45}.Release|Any CPU.ActiveCfg = Release|Any CPU
		{45B57CE5-9787-49F8-A36B-81A9487A9E45}.Release|Any CPU.Build.0 = Release|Any CPU
		{29F5F8E3-426A-4ACB-929B-3C67C9254BF7}.Debug|Any CPU.ActiveCfg = Debug|Any CPU
		{29F5F8E3-426A-4ACB-929B-3C67C9254BF7}.Debug|Any CPU.Build.0 = Debug|Any CPU
		{29F5F8E3-426A-4ACB-929B-3C67C9254BF7}.Release|Any CPU.ActiveCfg = Release|Any CPU
		{29F5F8E3-426A-4ACB-929B-3C67C9254BF7}.Release|Any CPU.Build.0 = Release|Any CPU
		{11F760F2-5EF6-4EAE-AD4E-33FD23D213D2}.Debug|Any CPU.ActiveCfg = Debug|Any CPU
		{11F760F2-5EF6-4EAE-AD4E-33FD23D213D2}.Debug|Any CPU.Build.0 = Debug|Any CPU
		{11F760F2-5EF6-4EAE-AD4E-33FD23D213D2}.Release|Any CPU.ActiveCfg = Release|Any CPU
		{11F760F2-5EF6-4EAE-AD4E-33FD23D213D2}.Release|Any CPU.Build.0 = Release|Any CPU
	EndGlobalSection
	GlobalSection(SolutionProperties) = preSolution
		HideSolutionNode = FALSE
	EndGlobalSection
	GlobalSection(NestedProjects) = preSolution
		{B3319AF1-0E62-4E17-98A5-869732AE516D} = {511B84B7-2C30-4031-803E-B1025F26880C}
		{64890AF6-FAC6-418D-A9CB-D76428216128} = {04F4BF78-FA3E-4943-842D-5B079711FDDD}
		{45B57CE5-9787-49F8-A36B-81A9487A9E45} = {21A6EA64-62BE-447E-918A-2F58BA39651F}
		{29F5F8E3-426A-4ACB-929B-3C67C9254BF7} = {252ADD0F-301F-46BB-947B-C43B8D708AA2}
		{11F760F2-5EF6-4EAE-AD4E-33FD23D213D2} = {AD1B47DB-23BF-426C-97FD-CE3D01BD698C}
	EndGlobalSection
	GlobalSection(ExtensibilityGlobals) = postSolution
		SolutionGuid = {69D4E1F7-6DCC-4C7E-A5C8-6A3C93A73C43}
	EndGlobalSection
EndGlobal
